// !$*UTF8*$!
{
	archiveVersion = 1;
	classes = {
	};
	objectVersion = 56;
	objects = {

/* Begin PBXBuildFile section */
		D6F72F272AD6A8B2003DB285 /* Instagram_SwiftUI_CloneApp.swift in Sources */ = {isa = PBXBuildFile; fileRef = D6F72F262AD6A8B2003DB285 /* Instagram_SwiftUI_CloneApp.swift */; };
		D6F72F292AD6A8B2003DB285 /* ContentView.swift in Sources */ = {isa = PBXBuildFile; fileRef = D6F72F282AD6A8B2003DB285 /* ContentView.swift */; };
		D6F72F2B2AD6A8B3003DB285 /* Assets.xcassets in Resources */ = {isa = PBXBuildFile; fileRef = D6F72F2A2AD6A8B3003DB285 /* Assets.xcassets */; };
		D6F72F2E2AD6A8B3003DB285 /* Preview Assets.xcassets in Resources */ = {isa = PBXBuildFile; fileRef = D6F72F2D2AD6A8B3003DB285 /* Preview Assets.xcassets */; };
		D6F72F412AD7E5C6003DB285 /* MainTapView.swift in Sources */ = {isa = PBXBuildFile; fileRef = D6F72F402AD7E5C6003DB285 /* MainTapView.swift */; };
/* End PBXBuildFile section */

/* Begin PBXFileReference section */
		D6F72F232AD6A8B2003DB285 /* Instagram_SwiftUI_Clone.app */ = {isa = PBXFileReference; explicitFileType = wrapper.application; includeInIndex = 0; path = Instagram_SwiftUI_Clone.app; sourceTree = BUILT_PRODUCTS_DIR; };
		D6F72F262AD6A8B2003DB285 /* Instagram_SwiftUI_CloneApp.swift */ = {isa = PBXFileReference; lastKnownFileType = sourcecode.swift; path = Instagram_SwiftUI_CloneApp.swift; sourceTree = "<group>"; };
		D6F72F282AD6A8B2003DB285 /* ContentView.swift */ = {isa = PBXFileReference; lastKnownFileType = sourcecode.swift; path = ContentView.swift; sourceTree = "<group>"; };
		D6F72F2A2AD6A8B3003DB285 /* Assets.xcassets */ = {isa = PBXFileReference; lastKnownFileType = folder.assetcatalog; path = Assets.xcassets; sourceTree = "<group>"; };
		D6F72F2D2AD6A8B3003DB285 /* Preview Assets.xcassets */ = {isa = PBXFileReference; lastKnownFileType = folder.assetcatalog; path = "Preview Assets.xcassets"; sourceTree = "<group>"; };
		D6F72F402AD7E5C6003DB285 /* MainTapView.swift */ = {isa = PBXFileReference; lastKnownFileType = sourcecode.swift; path = MainTapView.swift; sourceTree = "<group>"; };
/* End PBXFileReference section */

/* Begin PBXFrameworksBuildPhase section */
		D6F72F202AD6A8B2003DB285 /* Frameworks */ = {
			isa = PBXFrameworksBuildPhase;
			buildActionMask = 2147483647;
			files = (
			);
			runOnlyForDeploymentPostprocessing = 0;
		};
/* End PBXFrameworksBuildPhase section */

/* Begin PBXGroup section */
		D6F72F1A2AD6A8B2003DB285 = {
			isa = PBXGroup;
			children = (
				D6F72F252AD6A8B2003DB285 /* Instagram_SwiftUI_Clone */,
				D6F72F242AD6A8B2003DB285 /* Products */,
			);
			sourceTree = "<group>";
		};
		D6F72F242AD6A8B2003DB285 /* Products */ = {
			isa = PBXGroup;
			children = (
				D6F72F232AD6A8B2003DB285 /* Instagram_SwiftUI_Clone.app */,
			);
			name = Products;
			sourceTree = "<group>";
		};
		D6F72F252AD6A8B2003DB285 /* Instagram_SwiftUI_Clone */ = {
			isa = PBXGroup;
			children = (
				D6F72F382AD7E486003DB285 /* App */,
				D6F72F372AD7E481003DB285 /* Core */,
				D6F72F362AD7E47D003DB285 /* Extensions */,
				D6F72F352AD7E47A003DB285 /* Model */,
				D6F72F342AD7E474003DB285 /* Services */,
				D6F72F282AD6A8B2003DB285 /* ContentView.swift */,
				D6F72F2A2AD6A8B3003DB285 /* Assets.xcassets */,
				D6F72F2C2AD6A8B3003DB285 /* Preview Content */,
			);
			path = Instagram_SwiftUI_Clone;
			sourceTree = "<group>";
		};
		D6F72F2C2AD6A8B3003DB285 /* Preview Content */ = {
			isa = PBXGroup;
			children = (
				D6F72F2D2AD6A8B3003DB285 /* Preview Assets.xcassets */,
			);
			path = "Preview Content";
			sourceTree = "<group>";
		};
		D6F72F342AD7E474003DB285 /* Services */ = {
			isa = PBXGroup;
			children = (
			);
			path = Services;
			sourceTree = "<group>";
		};
		D6F72F352AD7E47A003DB285 /* Model */ = {
			isa = PBXGroup;
			children = (
			);
			path = Model;
			sourceTree = "<group>";
		};
		D6F72F362AD7E47D003DB285 /* Extensions */ = {
			isa = PBXGroup;
			children = (
			);
			path = Extensions;
			sourceTree = "<group>";
		};
		D6F72F372AD7E481003DB285 /* Core */ = {
			isa = PBXGroup;
			children = (
				D6F72F3D2AD7E557003DB285 /* Authentication */,
				D6F72F3C2AD7E554003DB285 /* Feed */,
				D6F72F3B2AD7E551003DB285 /* Profile */,
				D6F72F3A2AD7E54E003DB285 /* Root */,
				D6F72F392AD7E54B003DB285 /* Search */,
				D6F72F3F2AD7E587003DB285 /* TapBar */,
				D6F72F3E2AD7E584003DB285 /* UploadPost */,
			);
			path = Core;
			sourceTree = "<group>";
		};
		D6F72F382AD7E486003DB285 /* App */ = {
			isa = PBXGroup;
			children = (
				D6F72F262AD6A8B2003DB285 /* Instagram_SwiftUI_CloneApp.swift */,
			);
			path = App;
			sourceTree = "<group>";
		};
		D6F72F392AD7E54B003DB285 /* Search */ = {
			isa = PBXGroup;
			children = (
			);
			path = Search;
			sourceTree = "<group>";
		};
		D6F72F3A2AD7E54E003DB285 /* Root */ = {
			isa = PBXGroup;
			children = (
			);
			path = Root;
			sourceTree = "<group>";
		};
		D6F72F3B2AD7E551003DB285 /* Profile */ = {
			isa = PBXGroup;
			children = (
			);
			path = Profile;
			sourceTree = "<group>";
		};
		D6F72F3C2AD7E554003DB285 /* Feed */ = {
			isa = PBXGroup;
			children = (
			);
			path = Feed;
			sourceTree = "<group>";
		};
		D6F72F3D2AD7E557003DB285 /* Authentication */ = {
			isa = PBXGroup;
			children = (
			);
			path = Authentication;
			sourceTree = "<group>";
		};
		D6F72F3E2AD7E584003DB285 /* UploadPost */ = {
			isa = PBXGroup;
			children = (
			);
			path = UploadPost;
			sourceTree = "<group>";
		};
		D6F72F3F2AD7E587003DB285 /* TapBar */ = {
			isa = PBXGroup;
			children = (
				D6F72F402AD7E5C6003DB285 /* MainTapView.swift */,
			);
			path = TapBar;
			sourceTree = "<group>";
		};
/* End PBXGroup section */

/* Begin PBXNativeTarget section */
		D6F72F222AD6A8B2003DB285 /* Instagram_SwiftUI_Clone */ = {
			isa = PBXNativeTarget;
			buildConfigurationList = D6F72F312AD6A8B3003DB285 /* Build configuration list for PBXNativeTarget "Instagram_SwiftUI_Clone" */;
			buildPhases = (
				D6F72F1F2AD6A8B2003DB285 /* Sources */,
				D6F72F202AD6A8B2003DB285 /* Frameworks */,
				D6F72F212AD6A8B2003DB285 /* Resources */,
			);
			buildRules = (
			);
			dependencies = (
			);
			name = Instagram_SwiftUI_Clone;
			productName = Instagram_SwiftUI_Clone;
			productReference = D6F72F232AD6A8B2003DB285 /* Instagram_SwiftUI_Clone.app */;
			productType = "com.apple.product-type.application";
		};
/* End PBXNativeTarget section */

/* Begin PBXProject section */
		D6F72F1B2AD6A8B2003DB285 /* Project object */ = {
			isa = PBXProject;
			attributes = {
				BuildIndependentTargetsInParallel = 1;
				LastSwiftUpdateCheck = 1500;
				LastUpgradeCheck = 1500;
				TargetAttributes = {
					D6F72F222AD6A8B2003DB285 = {
						CreatedOnToolsVersion = 15.0;
					};
				};
			};
			buildConfigurationList = D6F72F1E2AD6A8B2003DB285 /* Build configuration list for PBXProject "Instagram_SwiftUI_Clone" */;
			compatibilityVersion = "Xcode 14.0";
			developmentRegion = en;
			hasScannedForEncodings = 0;
			knownRegions = (
				en,
				Base,
			);
			mainGroup = D6F72F1A2AD6A8B2003DB285;
			productRefGroup = D6F72F242AD6A8B2003DB285 /* Products */;
			projectDirPath = "";
			projectRoot = "";
			targets = (
				D6F72F222AD6A8B2003DB285 /* Instagram_SwiftUI_Clone */,
			);
		};
/* End PBXProject section */

/* Begin PBXResourcesBuildPhase section */
		D6F72F212AD6A8B2003DB285 /* Resources */ = {
			isa = PBXResourcesBuildPhase;
			buildActionMask = 2147483647;
			files = (
				D6F72F2E2AD6A8B3003DB285 /* Preview Assets.xcassets in Resources */,
				D6F72F2B2AD6A8B3003DB285 /* Assets.xcassets in Resources */,
			);
			runOnlyForDeploymentPostprocessing = 0;
		};
/* End PBXResourcesBuildPhase section */

/* Begin PBXSourcesBuildPhase section */
		D6F72F1F2AD6A8B2003DB285 /* Sources */ = {
			isa = PBXSourcesBuildPhase;
			buildActionMask = 2147483647;
			files = (
				D6F72F292AD6A8B2003DB285 /* ContentView.swift in Sources */,
				D6F72F272AD6A8B2003DB285 /* Instagram_SwiftUI_CloneApp.swift in Sources */,
				D6F72F412AD7E5C6003DB285 /* MainTapView.swift in Sources */,
			);
			runOnlyForDeploymentPostprocessing = 0;
		};
/* End PBXSourcesBuildPhase section */

/* Begin XCBuildConfiguration section */
		D6F72F2F2AD6A8B3003DB285 /* Debug */ = {
			isa = XCBuildConfiguration;
			buildSettings = {
				ALWAYS_SEARCH_USER_PATHS = NO;
				ASSETCATALOG_COMPILER_GENERATE_SWIFT_ASSET_SYMBOL_EXTENSIONS = YES;
				CLANG_ANALYZER_NONNULL = YES;
				CLANG_ANALYZER_NUMBER_OBJECT_CONVERSION = YES_AGGRESSIVE;
				CLANG_CXX_LANGUAGE_STANDARD = "gnu++20";
				CLANG_ENABLE_MODULES = YES;
				CLANG_ENABLE_OBJC_ARC = YES;
				CLANG_ENABLE_OBJC_WEAK = YES;
				CLANG_WARN_BLOCK_CAPTURE_AUTORELEASING = YES;
				CLANG_WARN_BOOL_CONVERSION = YES;
				CLANG_WARN_COMMA = YES;
				CLANG_WARN_CONSTANT_CONVERSION = YES;
				CLANG_WARN_DEPRECATED_OBJC_IMPLEMENTATIONS = YES;
				CLANG_WARN_DIRECT_OBJC_ISA_USAGE = YES_ERROR;
				CLANG_WARN_DOCUMENTATION_COMMENTS = YES;
				CLANG_WARN_EMPTY_BODY = YES;
				CLANG_WARN_ENUM_CONVERSION = YES;
				CLANG_WARN_INFINITE_RECURSION = YES;
				CLANG_WARN_INT_CONVERSION = YES;
				CLANG_WARN_NON_LITERAL_NULL_CONVERSION = YES;
				CLANG_WARN_OBJC_IMPLICIT_RETAIN_SELF = YES;
				CLANG_WARN_OBJC_LITERAL_CONVERSION = YES;
				CLANG_WARN_OBJC_ROOT_CLASS = YES_ERROR;
				CLANG_WARN_QUOTED_INCLUDE_IN_FRAMEWORK_HEADER = YES;
				CLANG_WARN_RANGE_LOOP_ANALYSIS = YES;
				CLANG_WARN_STRICT_PROTOTYPES = YES;
				CLANG_WARN_SUSPICIOUS_MOVE = YES;
				CLANG_WARN_UNGUARDED_AVAILABILITY = YES_AGGRESSIVE;
				CLANG_WARN_UNREACHABLE_CODE = YES;
				CLANG_WARN__DUPLICATE_METHOD_MATCH = YES;
				COPY_PHASE_STRIP = NO;
				DEBUG_INFORMATION_FORMAT = dwarf;
				ENABLE_STRICT_OBJC_MSGSEND = YES;
				ENABLE_TESTABILITY = YES;
				ENABLE_USER_SCRIPT_SANDBOXING = YES;
				GCC_C_LANGUAGE_STANDARD = gnu17;
				GCC_DYNAMIC_NO_PIC = NO;
				GCC_NO_COMMON_BLOCKS = YES;
				GCC_OPTIMIZATION_LEVEL = 0;
				GCC_PREPROCESSOR_DEFINITIONS = (
					"DEBUG=1",
					"$(inherited)",
				);
				GCC_WARN_64_TO_32_BIT_CONVERSION = YES;
				GCC_WARN_ABOUT_RETURN_TYPE = YES_ERROR;
				GCC_WARN_UNDECLARED_SELECTOR = YES;
				GCC_WARN_UNINITIALIZED_AUTOS = YES_AGGRESSIVE;
				GCC_WARN_UNUSED_FUNCTION = YES;
				GCC_WARN_UNUSED_VARIABLE = YES;
				IPHONEOS_DEPLOYMENT_TARGET = 17.0;
				LOCALIZATION_PREFERS_STRING_CATALOGS = YES;
				MTL_ENABLE_DEBUG_INFO = INCLUDE_SOURCE;
				MTL_FAST_MATH = YES;
				ONLY_ACTIVE_ARCH = YES;
				SDKROOT = iphoneos;
				SWIFT_ACTIVE_COMPILATION_CONDITIONS = "DEBUG $(inherited)";
				SWIFT_OPTIMIZATION_LEVEL = "-Onone";
			};
			name = Debug;
		};
		D6F72F302AD6A8B3003DB285 /* Release */ = {
			isa = XCBuildConfiguration;
			buildSettings = {
				ALWAYS_SEARCH_USER_PATHS = NO;
				ASSETCATALOG_COMPILER_GENERATE_SWIFT_ASSET_SYMBOL_EXTENSIONS = YES;
				CLANG_ANALYZER_NONNULL = YES;
				CLANG_ANALYZER_NUMBER_OBJECT_CONVERSION = YES_AGGRESSIVE;
				CLANG_CXX_LANGUAGE_STANDARD = "gnu++20";
				CLANG_ENABLE_MODULES = YES;
				CLANG_ENABLE_OBJC_ARC = YES;
				CLANG_ENABLE_OBJC_WEAK = YES;
				CLANG_WARN_BLOCK_CAPTURE_AUTORELEASING = YES;
				CLANG_WARN_BOOL_CONVERSION = YES;
				CLANG_WARN_COMMA = YES;
				CLANG_WARN_CONSTANT_CONVERSION = YES;
				CLANG_WARN_DEPRECATED_OBJC_IMPLEMENTATIONS = YES;
				CLANG_WARN_DIRECT_OBJC_ISA_USAGE = YES_ERROR;
				CLANG_WARN_DOCUMENTATION_COMMENTS = YES;
				CLANG_WARN_EMPTY_BODY = YES;
				CLANG_WARN_ENUM_CONVERSION = YES;
				CLANG_WARN_INFINITE_RECURSION = YES;
				CLANG_WARN_INT_CONVERSION = YES;
				CLANG_WARN_NON_LITERAL_NULL_CONVERSION = YES;
				CLANG_WARN_OBJC_IMPLICIT_RETAIN_SELF = YES;
				CLANG_WARN_OBJC_LITERAL_CONVERSION = YES;
				CLANG_WARN_OBJC_ROOT_CLASS = YES_ERROR;
				CLANG_WARN_QUOTED_INCLUDE_IN_FRAMEWORK_HEADER = YES;
				CLANG_WARN_RANGE_LOOP_ANALYSIS = YES;
				CLANG_WARN_STRICT_PROTOTYPES = YES;
				CLANG_WARN_SUSPICIOUS_MOVE = YES;
				CLANG_WARN_UNGUARDED_AVAILABILITY = YES_AGGRESSIVE;
				CLANG_WARN_UNREACHABLE_CODE = YES;
				CLANG_WARN__DUPLICATE_METHOD_MATCH = YES;
				COPY_PHASE_STRIP = NO;
				DEBUG_INFORMATION_FORMAT = "dwarf-with-dsym";
				ENABLE_NS_ASSERTIONS = NO;
				ENABLE_STRICT_OBJC_MSGSEND = YES;
				ENABLE_USER_SCRIPT_SANDBOXING = YES;
				GCC_C_LANGUAGE_STANDARD = gnu17;
				GCC_NO_COMMON_BLOCKS = YES;
				GCC_WARN_64_TO_32_BIT_CONVERSION = YES;
				GCC_WARN_ABOUT_RETURN_TYPE = YES_ERROR;
				GCC_WARN_UNDECLARED_SELECTOR = YES;
				GCC_WARN_UNINITIALIZED_AUTOS = YES_AGGRESSIVE;
				GCC_WARN_UNUSED_FUNCTION = YES;
				GCC_WARN_UNUSED_VARIABLE = YES;
				IPHONEOS_DEPLOYMENT_TARGET = 17.0;
				LOCALIZATION_PREFERS_STRING_CATALOGS = YES;
				MTL_ENABLE_DEBUG_INFO = NO;
				MTL_FAST_MATH = YES;
				SDKROOT = iphoneos;
				SWIFT_COMPILATION_MODE = wholemodule;
				VALIDATE_PRODUCT = YES;
			};
			name = Release;
		};
		D6F72F322AD6A8B3003DB285 /* Debug */ = {
			isa = XCBuildConfiguration;
			buildSettings = {
				ASSETCATALOG_COMPILER_APPICON_NAME = AppIcon;
				ASSETCATALOG_COMPILER_GLOBAL_ACCENT_COLOR_NAME = AccentColor;
				CODE_SIGN_STYLE = Automatic;
				CURRENT_PROJECT_VERSION = 1;
				DEVELOPMENT_ASSET_PATHS = "\"Instagram_SwiftUI_Clone/Preview Content\"";
				DEVELOPMENT_TEAM = 44X337TR62;
				ENABLE_PREVIEWS = YES;
				GENERATE_INFOPLIST_FILE = YES;
				INFOPLIST_KEY_UIApplicationSceneManifest_Generation = YES;
				INFOPLIST_KEY_UIApplicationSupportsIndirectInputEvents = YES;
				INFOPLIST_KEY_UILaunchScreen_Generation = YES;
				INFOPLIST_KEY_UISupportedInterfaceOrientations_iPad = "UIInterfaceOrientationPortrait UIInterfaceOrientationPortraitUpsideDown UIInterfaceOrientationLandscapeLeft UIInterfaceOrientationLandscapeRight";
				INFOPLIST_KEY_UISupportedInterfaceOrientations_iPhone = "UIInterfaceOrientationPortrait UIInterfaceOrientationLandscapeLeft UIInterfaceOrientationLandscapeRight";
				LD_RUNPATH_SEARCH_PATHS = (
					"$(inherited)",
					"@executable_path/Frameworks",
				);
				MARKETING_VERSION = 1.0;
				PRODUCT_BUNDLE_IDENTIFIER = "com.onetool.Instagram-SwiftUI-Clone";
				PRODUCT_NAME = "$(TARGET_NAME)";
				SWIFT_EMIT_LOC_STRINGS = YES;
				SWIFT_VERSION = 5.0;
				TARGETED_DEVICE_FAMILY = "1,2";
			};
			name = Debug;
		};
		D6F72F332AD6A8B3003DB285 /* Release */ = {
			isa = XCBuildConfiguration;
			buildSettings = {
				ASSETCATALOG_COMPILER_APPICON_NAME = AppIcon;
				ASSETCATALOG_COMPILER_GLOBAL_ACCENT_COLOR_NAME = AccentColor;
				CODE_SIGN_STYLE = Automatic;
				CURRENT_PROJECT_VERSION = 1;
				DEVELOPMENT_ASSET_PATHS = "\"Instagram_SwiftUI_Clone/Preview Content\"";
				DEVELOPMENT_TEAM = 44X337TR62;
				ENABLE_PREVIEWS = YES;
				GENERATE_INFOPLIST_FILE = YES;
				INFOPLIST_KEY_UIApplicationSceneManifest_Generation = YES;
				INFOPLIST_KEY_UIApplicationSupportsIndirectInputEvents = YES;
				INFOPLIST_KEY_UILaunchScreen_Generation = YES;
				INFOPLIST_KEY_UISupportedInterfaceOrientations_iPad = "UIInterfaceOrientationPortrait UIInterfaceOrientationPortraitUpsideDown UIInterfaceOrientationLandscapeLeft UIInterfaceOrientationLandscapeRight";
				INFOPLIST_KEY_UISupportedInterfaceOrientations_iPhone = "UIInterfaceOrientationPortrait UIInterfaceOrientationLandscapeLeft UIInterfaceOrientationLandscapeRight";
				LD_RUNPATH_SEARCH_PATHS = (
					"$(inherited)",
					"@executable_path/Frameworks",
				);
				MARKETING_VERSION = 1.0;
				PRODUCT_BUNDLE_IDENTIFIER = "com.onetool.Instagram-SwiftUI-Clone";
				PRODUCT_NAME = "$(TARGET_NAME)";
				SWIFT_EMIT_LOC_STRINGS = YES;
				SWIFT_VERSION = 5.0;
				TARGETED_DEVICE_FAMILY = "1,2";
			};
			name = Release;
		};
/* End XCBuildConfiguration section */

/* Begin XCConfigurationList section */
		D6F72F1E2AD6A8B2003DB285 /* Build configuration list for PBXProject "Instagram_SwiftUI_Clone" */ = {
			isa = XCConfigurationList;
			buildConfigurations = (
				D6F72F2F2AD6A8B3003DB285 /* Debug */,
				D6F72F302AD6A8B3003DB285 /* Release */,
			);
			defaultConfigurationIsVisible = 0;
			defaultConfigurationName = Release;
		};
		D6F72F312AD6A8B3003DB285 /* Build configuration list for PBXNativeTarget "Instagram_SwiftUI_Clone" */ = {
			isa = XCConfigurationList;
			buildConfigurations = (
				D6F72F322AD6A8B3003DB285 /* Debug */,
				D6F72F332AD6A8B3003DB285 /* Release */,
			);
			defaultConfigurationIsVisible = 0;
			defaultConfigurationName = Release;
		};
/* End XCConfigurationList section */
	};
	rootObject = D6F72F1B2AD6A8B2003DB285 /* Project object */;
}
